
Microsoft Visual Studio Solution File, Format Version 12.00
# Visual Studio Version 16
VisualStudioVersion = 16.0.30114.105
MinimumVisualStudioVersion = 10.0.40219.1
Project("{9A19103F-16F7-4668-BE54-9A1E7A4F7556}") = "Orleans.ObjectStorage.Grains.Interfaces", "Orleans.ObjectStorage.Grains.Interfaces\Orleans.ObjectStorage.Grains.Interfaces.csproj", "{2A97427F-B65B-4F85-B106-2837273AD163}"
EndProject
Project("{9A19103F-16F7-4668-BE54-9A1E7A4F7556}") = "Orleans.ObjectStorage", "Orleans.ObjectStorage\Orleans.ObjectStorage.csproj", "{CEE137EC-A9BD-4B25-8D0A-0EBF81750544}"
EndProject
Project("{FAE04EC0-301F-11D3-BF4B-00C04F79EFBC}") = "Orleans.ObjectStorage.TestApp", "Orleans.ObjectStorage.TestApp\Orleans.ObjectStorage.TestApp.csproj", "{84511EFF-EC80-4BA2-9EBD-985027DFDCEC}"
EndProject
Project("{2150E333-8FDC-42A3-9474-1A3956D46DE8}") = "ConsistentSharp", "ConsistentSharp", "{EC17DB40-3CD8-45F3-874F-00AAB8C7A86E}"
EndProject
Project("{FAE04EC0-301F-11D3-BF4B-00C04F79EFBC}") = "ConsistentSharp", "..\..\ConsistentSharp\ConsistentSharp\ConsistentSharp.csproj", "{9F4DD84D-D120-4582-8A9B-CA2F0C6403F0}"
EndProject
Project("{FAE04EC0-301F-11D3-BF4B-00C04F79EFBC}") = "ConsistentSharp.Test", "..\..\ConsistentSharp\ConsistentSharp.Test\ConsistentSharp.Test.csproj", "{F5D02D0B-ADA1-4027-A3E9-AC6A8A274C62}"
EndProject
Global
	GlobalSection(SolutionConfigurationPlatforms) = preSolution
		Debug|Any CPU = Debug|Any CPU
		Debug|x64 = Debug|x64
		Debug|x86 = Debug|x86
		Release|Any CPU = Release|Any CPU
		Release|x64 = Release|x64
		Release|x86 = Release|x86
	EndGlobalSection
	GlobalSection(ProjectConfigurationPlatforms) = postSolution
		{2A97427F-B65B-4F85-B106-2837273AD163}.Debug|Any CPU.ActiveCfg = Debug|Any CPU
		{2A97427F-B65B-4F85-B106-2837273AD163}.Debug|Any CPU.Build.0 = Debug|Any CPU
		{2A97427F-B65B-4F85-B106-2837273AD163}.Debug|x64.ActiveCfg = Debug|Any CPU
		{2A97427F-B65B-4F85-B106-2837273AD163}.Debug|x64.Build.0 = Debug|Any CPU
		{2A97427F-B65B-4F85-B106-2837273AD163}.Debug|x86.ActiveCfg = Debug|Any CPU
		{2A97427F-B65B-4F85-B106-2837273AD163}.Debug|x86.Build.0 = Debug|Any CPU
		{2A97427F-B65B-4F85-B106-2837273AD163}.Release|Any CPU.ActiveCfg = Release|Any CPU
		{2A97427F-B65B-4F85-B106-2837273AD163}.Release|Any CPU.Build.0 = Release|Any CPU
		{2A97427F-B65B-4F85-B106-2837273AD163}.Release|x64.ActiveCfg = Release|Any CPU
		{2A97427F-B65B-4F85-B106-2837273AD163}.Release|x64.Build.0 = Release|Any CPU
		{2A97427F-B65B-4F85-B106-2837273AD163}.Release|x86.ActiveCfg = Release|Any CPU
		{2A97427F-B65B-4F85-B106-2837273AD163}.Release|x86.Build.0 = Release|Any CPU
		{CEE137EC-A9BD-4B25-8D0A-0EBF81750544}.Debug|Any CPU.ActiveCfg = Debug|Any CPU
		{CEE137EC-A9BD-4B25-8D0A-0EBF81750544}.Debug|Any CPU.Build.0 = Debug|Any CPU
		{CEE137EC-A9BD-4B25-8D0A-0EBF81750544}.Debug|x64.ActiveCfg = Debug|Any CPU
		{CEE137EC-A9BD-4B25-8D0A-0EBF81750544}.Debug|x64.Build.0 = Debug|Any CPU
		{CEE137EC-A9BD-4B25-8D0A-0EBF81750544}.Debug|x86.ActiveCfg = Debug|Any CPU
		{CEE137EC-A9BD-4B25-8D0A-0EBF81750544}.Debug|x86.Build.0 = Debug|Any CPU
		{CEE137EC-A9BD-4B25-8D0A-0EBF81750544}.Release|Any CPU.ActiveCfg = Release|Any CPU
		{CEE137EC-A9BD-4B25-8D0A-0EBF81750544}.Release|Any CPU.Build.0 = Release|Any CPU
		{CEE137EC-A9BD-4B25-8D0A-0EBF81750544}.Release|x64.ActiveCfg = Release|Any CPU
		{CEE137EC-A9BD-4B25-8D0A-0EBF81750544}.Release|x64.Build.0 = Release|Any CPU
		{CEE137EC-A9BD-4B25-8D0A-0EBF81750544}.Release|x86.ActiveCfg = Release|Any CPU
		{CEE137EC-A9BD-4B25-8D0A-0EBF81750544}.Release|x86.Build.0 = Release|Any CPU
		{84511EFF-EC80-4BA2-9EBD-985027DFDCEC}.Debug|Any CPU.ActiveCfg = Debug|Any CPU
		{84511EFF-EC80-4BA2-9EBD-985027DFDCEC}.Debug|Any CPU.Build.0 = Debug|Any CPU
		{84511EFF-EC80-4BA2-9EBD-985027DFDCEC}.Debug|x64.ActiveCfg = Debug|Any CPU
		{84511EFF-EC80-4BA2-9EBD-985027DFDCEC}.Debug|x64.Build.0 = Debug|Any CPU
		{84511EFF-EC80-4BA2-9EBD-985027DFDCEC}.Debug|x86.ActiveCfg = Debug|Any CPU
		{84511EFF-EC80-4BA2-9EBD-985027DFDCEC}.Debug|x86.Build.0 = Debug|Any CPU
		{84511EFF-EC80-4BA2-9EBD-985027DFDCEC}.Release|Any CPU.ActiveCfg = Release|Any CPU
		{84511EFF-EC80-4BA2-9EBD-985027DFDCEC}.Release|Any CPU.Build.0 = Release|Any CPU
		{84511EFF-EC80-4BA2-9EBD-985027DFDCEC}.Release|x64.ActiveCfg = Release|Any CPU
		{84511EFF-EC80-4BA2-9EBD-985027DFDCEC}.Release|x64.Build.0 = Release|Any CPU
		{84511EFF-EC80-4BA2-9EBD-985027DFDCEC}.Release|x86.ActiveCfg = Release|Any CPU
		{84511EFF-EC80-4BA2-9EBD-985027DFDCEC}.Release|x86.Build.0 = Release|Any CPU
		{9F4DD84D-D120-4582-8A9B-CA2F0C6403F0}.Debug|Any CPU.ActiveCfg = Debug|Any CPU
		{9F4DD84D-D120-4582-8A9B-CA2F0C6403F0}.Debug|Any CPU.Build.0 = Debug|Any CPU
		{9F4DD84D-D120-4582-8A9B-CA2F0C6403F0}.Debug|x64.ActiveCfg = Debug|Any CPU
		{9F4DD84D-D120-4582-8A9B-CA2F0C6403F0}.Debug|x64.Build.0 = Debug|Any CPU
		{9F4DD84D-D120-4582-8A9B-CA2F0C6403F0}.Debug|x86.ActiveCfg = Debug|Any CPU
		{9F4DD84D-D120-4582-8A9B-CA2F0C6403F0}.Debug|x86.Build.0 = Debug|Any CPU
		{9F4DD84D-D120-4582-8A9B-CA2F0C6403F0}.Release|Any CPU.ActiveCfg = Release|Any CPU
		{9F4DD84D-D120-4582-8A9B-CA2F0C6403F0}.Release|Any CPU.Build.0 = Release|Any CPU
		{9F4DD84D-D120-4582-8A9B-CA2F0C6403F0}.Release|x64.ActiveCfg = Release|Any CPU
		{9F4DD84D-D120-4582-8A9B-CA2F0C6403F0}.Release|x64.Build.0 = Release|Any CPU
		{9F4DD84D-D120-4582-8A9B-CA2F0C6403F0}.Release|x86.ActiveCfg = Release|Any CPU
		{9F4DD84D-D120-4582-8A9B-CA2F0C6403F0}.Release|x86.Build.0 = Release|Any CPU
		{F5D02D0B-ADA1-4027-A3E9-AC6A8A274C62}.Debug|Any CPU.ActiveCfg = Debug|Any CPU
		{F5D02D0B-ADA1-4027-A3E9-AC6A8A274C62}.Debug|Any CPU.Build.0 = Debug|Any CPU
		{F5D02D0B-ADA1-4027-A3E9-AC6A8A274C62}.Debug|x64.ActiveCfg = Debug|Any CPU
		{F5D02D0B-ADA1-4027-A3E9-AC6A8A274C62}.Debug|x64.Build.0 = Debug|Any CPU
		{F5D02D0B-ADA1-4027-A3E9-AC6A8A274C62}.Debug|x86.ActiveCfg = Debug|Any CPU
		{F5D02D0B-ADA1-4027-A3E9-AC6A8A274C62}.Debug|x86.Build.0 = Debug|Any CPU
		{F5D02D0B-ADA1-4027-A3E9-AC6A8A274C62}.Release|Any CPU.ActiveCfg = Release|Any CPU
		{F5D02D0B-ADA1-4027-A3E9-AC6A8A274C62}.Release|Any CPU.Build.0 = Release|Any CPU
		{F5D02D0B-ADA1-4027-A3E9-AC6A8A274C62}.Release|x64.ActiveCfg = Release|Any CPU
		{F5D02D0B-ADA1-4027-A3E9-AC6A8A274C62}.Release|x64.Build.0 = Release|Any CPU
		{F5D02D0B-ADA1-4027-A3E9-AC6A8A274C62}.Release|x86.ActiveCfg = Release|Any CPU
		{F5D02D0B-ADA1-4027-A3E9-AC6A8A274C62}.Release|x86.Build.0 = Release|Any CPU
	EndGlobalSection
	GlobalSection(SolutionProperties) = preSolution
		HideSolutionNode = FALSE
	EndGlobalSection
	GlobalSection(ExtensibilityGlobals) = postSolution
		SolutionGuid = {695CF838-5082-46E2-9DA0-B37895696E26}
	EndGlobalSection
	GlobalSection(NestedProjects) = preSolution
		{9F4DD84D-D120-4582-8A9B-CA2F0C6403F0} = {EC17DB40-3CD8-45F3-874F-00AAB8C7A86E}
		{F5D02D0B-ADA1-4027-A3E9-AC6A8A274C62} = {EC17DB40-3CD8-45F3-874F-00AAB8C7A86E}
	EndGlobalSection
EndGlobal
